
Microsoft Visual Studio Solution File, Format Version 12.00
# Visual Studio Version 16
VisualStudioVersion = 25.0.1704.2
MinimumVisualStudioVersion = 10.0.40219.1
Project("{FAE04EC0-301F-11D3-BF4B-00C04F79EFBC}") = "IncomeExercise", "IncomeExercise\IncomeExercise.csproj", "{86AEABEF-F0B1-4C14-9C54-03E8D704D921}"
EndProject
Global
	GlobalSection(SolutionConfigurationPlatforms) = preSolution
		Debug|Any CPU = Debug|Any CPU
		Release|Any CPU = Release|Any CPU
	EndGlobalSection
	GlobalSection(ProjectConfigurationPlatforms) = postSolution
		{86AEABEF-F0B1-4C14-9C54-03E8D704D921}.Debug|Any CPU.ActiveCfg = Debug|Any CPU
		{86AEABEF-F0B1-4C14-9C54-03E8D704D921}.Debug|Any CPU.Build.0 = Debug|Any CPU
		{86AEABEF-F0B1-4C14-9C54-03E8D704D921}.Release|Any CPU.ActiveCfg = Release|Any CPU
		{86AEABEF-F0B1-4C14-9C54-03E8D704D921}.Release|Any CPU.Build.0 = Release|Any CPU
	EndGlobalSection
	GlobalSection(SolutionProperties) = preSolution
		HideSolutionNode = FALSE
	EndGlobalSection
	GlobalSection(ExtensibilityGlobals) = postSolution
		SolutionGuid = {94826219-1813-418F-9F05-F8F8B7EE5D2E}
	EndGlobalSection
EndGlobal
